
Microsoft Visual Studio Solution File, Format Version 12.00
# Visual Studio Version 16
VisualStudioVersion = 16.0.31410.357
MinimumVisualStudioVersion = 10.0.40219.1
Project("{FAE04EC0-301F-11D3-BF4B-00C04F79EFBC}") = "UnitTestingMsTesting", "UnitTestingMsTesting\UnitTestingMsTesting.csproj", "{15CE416C-AE3F-41DC-9033-D73CB217AE8E}"
EndProject
Project("{FAE04EC0-301F-11D3-BF4B-00C04F79EFBC}") = "TestProject1", "TestProject1\TestProject1.csproj", "{F676A46D-22A3-49E1-A370-3EF38C571C84}"
EndProject
Global
	GlobalSection(SolutionConfigurationPlatforms) = preSolution
		Debug|Any CPU = Debug|Any CPU
		Release|Any CPU = Release|Any CPU
	EndGlobalSection
	GlobalSection(ProjectConfigurationPlatforms) = postSolution
		{15CE416C-AE3F-41DC-9033-D73CB217AE8E}.Debug|Any CPU.ActiveCfg = Debug|Any CPU
		{15CE416C-AE3F-41DC-9033-D73CB217AE8E}.Debug|Any CPU.Build.0 = Debug|Any CPU
		{15CE416C-AE3F-41DC-9033-D73CB217AE8E}.Release|Any CPU.ActiveCfg = Release|Any CPU
		{15CE416C-AE3F-41DC-9033-D73CB217AE8E}.Release|Any CPU.Build.0 = Release|Any CPU
		{F676A46D-22A3-49E1-A370-3EF38C571C84}.Debug|Any CPU.ActiveCfg = Debug|Any CPU
		{F676A46D-22A3-49E1-A370-3EF38C571C84}.Debug|Any CPU.Build.0 = Debug|Any CPU
		{F676A46D-22A3-49E1-A370-3EF38C571C84}.Release|Any CPU.ActiveCfg = Release|Any CPU
		{F676A46D-22A3-49E1-A370-3EF38C571C84}.Release|Any CPU.Build.0 = Release|Any CPU
	EndGlobalSection
	GlobalSection(SolutionProperties) = preSolution
		HideSolutionNode = FALSE
	EndGlobalSection
	GlobalSection(ExtensibilityGlobals) = postSolution
		SolutionGuid = {0753408A-C1FA-4DE5-8019-FCA281B151F1}
	EndGlobalSection
EndGlobal
